
Microsoft Visual Studio Solution File, Format Version 12.00
# Visual Studio Version 16
VisualStudioVersion = 16.0.29215.179
MinimumVisualStudioVersion = 10.0.40219.1
Project("{FAE04EC0-301F-11D3-BF4B-00C04F79EFBC}") = "tarifasllamada", "tarifasllamada\tarifasllamada.csproj", "{CF600DFA-782E-4445-941B-F5D2005FC7FF}"
EndProject
Global
	GlobalSection(SolutionConfigurationPlatforms) = preSolution
		Debug|Any CPU = Debug|Any CPU
		Release|Any CPU = Release|Any CPU
	EndGlobalSection
	GlobalSection(ProjectConfigurationPlatforms) = postSolution
		{CF600DFA-782E-4445-941B-F5D2005FC7FF}.Debug|Any CPU.ActiveCfg = Debug|Any CPU
		{CF600DFA-782E-4445-941B-F5D2005FC7FF}.Debug|Any CPU.Build.0 = Debug|Any CPU
		{CF600DFA-782E-4445-941B-F5D2005FC7FF}.Release|Any CPU.ActiveCfg = Release|Any CPU
		{CF600DFA-782E-4445-941B-F5D2005FC7FF}.Release|Any CPU.Build.0 = Release|Any CPU
	EndGlobalSection
	GlobalSection(SolutionProperties) = preSolution
		HideSolutionNode = FALSE
	EndGlobalSection
	GlobalSection(ExtensibilityGlobals) = postSolution
		SolutionGuid = {DB964934-C46E-4377-9095-E545B992BC9C}
	EndGlobalSection
EndGlobal
